// !$*UTF8*$!
{
	archiveVersion = 1;
	classes = {
	};
	objectVersion = 46;
	objects = {

/* Begin PBXBuildFile section */
		B43503781D9A470100806375 /* AppDelegate.swift in Sources */ = {isa = PBXBuildFile; fileRef = B43503771D9A470100806375 /* AppDelegate.swift */; };
		B435037A1D9A470100806375 /* LoginViewController.swift in Sources */ = {isa = PBXBuildFile; fileRef = B43503791D9A470100806375 /* LoginViewController.swift */; };
		B435037D1D9A470100806375 /* Main.storyboard in Resources */ = {isa = PBXBuildFile; fileRef = B435037B1D9A470100806375 /* Main.storyboard */; };
		B435037F1D9A470100806375 /* Assets.xcassets in Resources */ = {isa = PBXBuildFile; fileRef = B435037E1D9A470100806375 /* Assets.xcassets */; };
		B43503821D9A470100806375 /* LaunchScreen.storyboard in Resources */ = {isa = PBXBuildFile; fileRef = B43503801D9A470100806375 /* LaunchScreen.storyboard */; };
		B435038A1D9A482200806375 /* GoogleService-Info.plist in Resources */ = {isa = PBXBuildFile; fileRef = B43503891D9A482200806375 /* GoogleService-Info.plist */; };
		B47B0D561D9BFFC7002231C9 /* DataService.swift in Sources */ = {isa = PBXBuildFile; fileRef = B47B0D551D9BFFC7002231C9 /* DataService.swift */; };
		B47B0D581D9CB575002231C9 /* Post.swift in Sources */ = {isa = PBXBuildFile; fileRef = B47B0D571D9CB575002231C9 /* Post.swift */; };
		B4CCB74E1D9B8C2100AA100D /* FeedViewController.swift in Sources */ = {isa = PBXBuildFile; fileRef = B4CCB74D1D9B8C2100AA100D /* FeedViewController.swift */; };
		B4CCB7511D9B994E00AA100D /* CustomView.swift in Sources */ = {isa = PBXBuildFile; fileRef = B4CCB7501D9B994E00AA100D /* CustomView.swift */; };
		B4CCB7531D9BA06C00AA100D /* CircleView.swift in Sources */ = {isa = PBXBuildFile; fileRef = B4CCB7521D9BA06C00AA100D /* CircleView.swift */; };
		B4CCB7551D9BA9BA00AA100D /* PostCell.swift in Sources */ = {isa = PBXBuildFile; fileRef = B4CCB7541D9BA9BA00AA100D /* PostCell.swift */; };
		B4D0373E1D9B3FFC00945A15 /* HeaderView.swift in Sources */ = {isa = PBXBuildFile; fileRef = B4D0373D1D9B3FFC00945A15 /* HeaderView.swift */; };
		B4D037411D9B407000945A15 /* Constants.swift in Sources */ = {isa = PBXBuildFile; fileRef = B4D037401D9B407000945A15 /* Constants.swift */; };
		B4D037431D9B423800945A15 /* RoundButton.swift in Sources */ = {isa = PBXBuildFile; fileRef = B4D037421D9B423800945A15 /* RoundButton.swift */; };
		B4D037451D9B43C400945A15 /* CustomTextField.swift in Sources */ = {isa = PBXBuildFile; fileRef = B4D037441D9B43C400945A15 /* CustomTextField.swift */; };
		B4D037471D9B44F400945A15 /* CustomButton.swift in Sources */ = {isa = PBXBuildFile; fileRef = B4D037461D9B44F400945A15 /* CustomButton.swift */; };
		BF7FA371AC6138B65590B63F /* Pods_itjapan_social.framework in Frameworks */ = {isa = PBXBuildFile; fileRef = 981D526156A58D77B9153842 /* Pods_itjapan_social.framework */; };
/* End PBXBuildFile section */

/* Begin PBXFileReference section */
		96654EBE94F2EB5642A8F156 /* Pods-itjapan-social.release.xcconfig */ = {isa = PBXFileReference; includeInIndex = 1; lastKnownFileType = text.xcconfig; name = "Pods-itjapan-social.release.xcconfig"; path = "Pods/Target Support Files/Pods-itjapan-social/Pods-itjapan-social.release.xcconfig"; sourceTree = "<group>"; };
		981D526156A58D77B9153842 /* Pods_itjapan_social.framework */ = {isa = PBXFileReference; explicitFileType = wrapper.framework; includeInIndex = 0; path = Pods_itjapan_social.framework; sourceTree = BUILT_PRODUCTS_DIR; };
		B43503741D9A470100806375 /* itjapan-social.app */ = {isa = PBXFileReference; explicitFileType = wrapper.application; includeInIndex = 0; path = "itjapan-social.app"; sourceTree = BUILT_PRODUCTS_DIR; };
		B43503771D9A470100806375 /* AppDelegate.swift */ = {isa = PBXFileReference; lastKnownFileType = sourcecode.swift; path = AppDelegate.swift; sourceTree = "<group>"; };
		B43503791D9A470100806375 /* LoginViewController.swift */ = {isa = PBXFileReference; lastKnownFileType = sourcecode.swift; path = LoginViewController.swift; sourceTree = "<group>"; };
		B435037C1D9A470100806375 /* Base */ = {isa = PBXFileReference; lastKnownFileType = file.storyboard; name = Base; path = Base.lproj/Main.storyboard; sourceTree = "<group>"; };
		B435037E1D9A470100806375 /* Assets.xcassets */ = {isa = PBXFileReference; lastKnownFileType = folder.assetcatalog; path = Assets.xcassets; sourceTree = "<group>"; };
		B43503811D9A470100806375 /* Base */ = {isa = PBXFileReference; lastKnownFileType = file.storyboard; name = Base; path = Base.lproj/LaunchScreen.storyboard; sourceTree = "<group>"; };
		B43503831D9A470100806375 /* Info.plist */ = {isa = PBXFileReference; lastKnownFileType = text.plist.xml; path = Info.plist; sourceTree = "<group>"; };
		B43503891D9A482200806375 /* GoogleService-Info.plist */ = {isa = PBXFileReference; fileEncoding = 4; lastKnownFileType = text.plist.xml; path = "GoogleService-Info.plist"; sourceTree = "<group>"; };
		B47B0D551D9BFFC7002231C9 /* DataService.swift */ = {isa = PBXFileReference; fileEncoding = 4; lastKnownFileType = sourcecode.swift; path = DataService.swift; sourceTree = "<group>"; };
		B47B0D571D9CB575002231C9 /* Post.swift */ = {isa = PBXFileReference; fileEncoding = 4; lastKnownFileType = sourcecode.swift; path = Post.swift; sourceTree = "<group>"; };
		B4CCB74D1D9B8C2100AA100D /* FeedViewController.swift */ = {isa = PBXFileReference; fileEncoding = 4; lastKnownFileType = sourcecode.swift; path = FeedViewController.swift; sourceTree = "<group>"; };
		B4CCB74F1D9B93BA00AA100D /* itjapan-social.entitlements */ = {isa = PBXFileReference; lastKnownFileType = text.plist.entitlements; path = "itjapan-social.entitlements"; sourceTree = "<group>"; };
		B4CCB7501D9B994E00AA100D /* CustomView.swift */ = {isa = PBXFileReference; fileEncoding = 4; lastKnownFileType = sourcecode.swift; path = CustomView.swift; sourceTree = "<group>"; };
		B4CCB7521D9BA06C00AA100D /* CircleView.swift */ = {isa = PBXFileReference; fileEncoding = 4; lastKnownFileType = sourcecode.swift; path = CircleView.swift; sourceTree = "<group>"; };
		B4CCB7541D9BA9BA00AA100D /* PostCell.swift */ = {isa = PBXFileReference; fileEncoding = 4; lastKnownFileType = sourcecode.swift; path = PostCell.swift; sourceTree = "<group>"; };
		B4D0373D1D9B3FFC00945A15 /* HeaderView.swift */ = {isa = PBXFileReference; fileEncoding = 4; lastKnownFileType = sourcecode.swift; path = HeaderView.swift; sourceTree = "<group>"; };
		B4D037401D9B407000945A15 /* Constants.swift */ = {isa = PBXFileReference; fileEncoding = 4; lastKnownFileType = sourcecode.swift; path = Constants.swift; sourceTree = "<group>"; };
		B4D037421D9B423800945A15 /* RoundButton.swift */ = {isa = PBXFileReference; fileEncoding = 4; lastKnownFileType = sourcecode.swift; path = RoundButton.swift; sourceTree = "<group>"; };
		B4D037441D9B43C400945A15 /* CustomTextField.swift */ = {isa = PBXFileReference; fileEncoding = 4; lastKnownFileType = sourcecode.swift; path = CustomTextField.swift; sourceTree = "<group>"; };
		B4D037461D9B44F400945A15 /* CustomButton.swift */ = {isa = PBXFileReference; fileEncoding = 4; lastKnownFileType = sourcecode.swift; path = CustomButton.swift; sourceTree = "<group>"; };
		CEF2ADE6B88F8A53D632EB49 /* Pods-itjapan-social.debug.xcconfig */ = {isa = PBXFileReference; includeInIndex = 1; lastKnownFileType = text.xcconfig; name = "Pods-itjapan-social.debug.xcconfig"; path = "Pods/Target Support Files/Pods-itjapan-social/Pods-itjapan-social.debug.xcconfig"; sourceTree = "<group>"; };
/* End PBXFileReference section */

/* Begin PBXFrameworksBuildPhase section */
		B43503711D9A470100806375 /* Frameworks */ = {
			isa = PBXFrameworksBuildPhase;
			buildActionMask = 2147483647;
			files = (
				BF7FA371AC6138B65590B63F /* Pods_itjapan_social.framework in Frameworks */,
			);
			runOnlyForDeploymentPostprocessing = 0;
		};
/* End PBXFrameworksBuildPhase section */

/* Begin PBXGroup section */
		2DCE5148672589A96B33DF8C /* Pods */ = {
			isa = PBXGroup;
			children = (
				CEF2ADE6B88F8A53D632EB49 /* Pods-itjapan-social.debug.xcconfig */,
				96654EBE94F2EB5642A8F156 /* Pods-itjapan-social.release.xcconfig */,
			);
			name = Pods;
			sourceTree = "<group>";
		};
		72D506CAD9FAA10E651F6B77 /* Frameworks */ = {
			isa = PBXGroup;
			children = (
				981D526156A58D77B9153842 /* Pods_itjapan_social.framework */,
			);
			name = Frameworks;
			sourceTree = "<group>";
		};
		B435036B1D9A470100806375 = {
			isa = PBXGroup;
			children = (
				B43503761D9A470100806375 /* itjapan-social */,
				B43503751D9A470100806375 /* Products */,
				2DCE5148672589A96B33DF8C /* Pods */,
				72D506CAD9FAA10E651F6B77 /* Frameworks */,
			);
			sourceTree = "<group>";
		};
		B43503751D9A470100806375 /* Products */ = {
			isa = PBXGroup;
			children = (
				B43503741D9A470100806375 /* itjapan-social.app */,
			);
			name = Products;
			sourceTree = "<group>";
		};
		B43503761D9A470100806375 /* itjapan-social */ = {
			isa = PBXGroup;
			children = (
				B4CCB74F1D9B93BA00AA100D /* itjapan-social.entitlements */,
				B435038D1D9A4A9500806375 /* Model */,
				B435038C1D9A4A8D00806375 /* View */,
				B435038B1D9A4A8500806375 /* Controller */,
				B4D0373F1D9B405900945A15 /* Utilities */,
				B47B0D541D9BFFAF002231C9 /* Services */,
				B43503771D9A470100806375 /* AppDelegate.swift */,
				B435037B1D9A470100806375 /* Main.storyboard */,
				B435037E1D9A470100806375 /* Assets.xcassets */,
				B43503801D9A470100806375 /* LaunchScreen.storyboard */,
				B43503831D9A470100806375 /* Info.plist */,
				B43503891D9A482200806375 /* GoogleService-Info.plist */,
			);
			path = "itjapan-social";
			sourceTree = "<group>";
		};
		B435038B1D9A4A8500806375 /* Controller */ = {
			isa = PBXGroup;
			children = (
				B43503791D9A470100806375 /* LoginViewController.swift */,
				B4CCB74D1D9B8C2100AA100D /* FeedViewController.swift */,
			);
			name = Controller;
			sourceTree = "<group>";
		};
		B435038C1D9A4A8D00806375 /* View */ = {
			isa = PBXGroup;
			children = (
				B4D0373D1D9B3FFC00945A15 /* HeaderView.swift */,
				B4D037421D9B423800945A15 /* RoundButton.swift */,
				B4D037441D9B43C400945A15 /* CustomTextField.swift */,
				B4D037461D9B44F400945A15 /* CustomButton.swift */,
				B4CCB7501D9B994E00AA100D /* CustomView.swift */,
				B4CCB7521D9BA06C00AA100D /* CircleView.swift */,
				B4CCB7541D9BA9BA00AA100D /* PostCell.swift */,
			);
			name = View;
			sourceTree = "<group>";
		};
		B435038D1D9A4A9500806375 /* Model */ = {
			isa = PBXGroup;
			children = (
				B47B0D571D9CB575002231C9 /* Post.swift */,
			);
			name = Model;
			sourceTree = "<group>";
		};
		B47B0D541D9BFFAF002231C9 /* Services */ = {
			isa = PBXGroup;
			children = (
				B47B0D551D9BFFC7002231C9 /* DataService.swift */,
			);
			name = Services;
			sourceTree = "<group>";
		};
		B4D0373F1D9B405900945A15 /* Utilities */ = {
			isa = PBXGroup;
			children = (
				B4D037401D9B407000945A15 /* Constants.swift */,
			);
			name = Utilities;
			sourceTree = "<group>";
		};
/* End PBXGroup section */

/* Begin PBXNativeTarget section */
		B43503731D9A470100806375 /* itjapan-social */ = {
			isa = PBXNativeTarget;
			buildConfigurationList = B43503861D9A470100806375 /* Build configuration list for PBXNativeTarget "itjapan-social" */;
			buildPhases = (
				3E84B38417B9B049957E0D3C /* [CP] Check Pods Manifest.lock */,
				B43503701D9A470100806375 /* Sources */,
				B43503711D9A470100806375 /* Frameworks */,
				B43503721D9A470100806375 /* Resources */,
				2800578037A3EE911C8E7C09 /* [CP] Embed Pods Frameworks */,
				914C5777B259DDF12C9C3C6B /* [CP] Copy Pods Resources */,
			);
			buildRules = (
			);
			dependencies = (
			);
			name = "itjapan-social";
			productName = "itjapan-social";
			productReference = B43503741D9A470100806375 /* itjapan-social.app */;
			productType = "com.apple.product-type.application";
		};
/* End PBXNativeTarget section */

/* Begin PBXProject section */
		B435036C1D9A470100806375 /* Project object */ = {
			isa = PBXProject;
			attributes = {
				LastSwiftUpdateCheck = 0800;
				LastUpgradeCheck = 0800;
				ORGANIZATIONNAME = MatthiasHofmann;
				TargetAttributes = {
					B43503731D9A470100806375 = {
						CreatedOnToolsVersion = 8.0;
						DevelopmentTeam = 8VB699JS95;
						LastSwiftMigration = 0800;
						ProvisioningStyle = Automatic;
						SystemCapabilities = {
							com.apple.Keychain = {
								enabled = 1;
							};
						};
					};
				};
			};
			buildConfigurationList = B435036F1D9A470100806375 /* Build configuration list for PBXProject "itjapan-social" */;
			compatibilityVersion = "Xcode 3.2";
			developmentRegion = English;
			hasScannedForEncodings = 0;
			knownRegions = (
				en,
				Base,
			);
			mainGroup = B435036B1D9A470100806375;
			productRefGroup = B43503751D9A470100806375 /* Products */;
			projectDirPath = "";
			projectRoot = "";
			targets = (
				B43503731D9A470100806375 /* itjapan-social */,
			);
		};
/* End PBXProject section */

/* Begin PBXResourcesBuildPhase section */
		B43503721D9A470100806375 /* Resources */ = {
			isa = PBXResourcesBuildPhase;
			buildActionMask = 2147483647;
			files = (
				B43503821D9A470100806375 /* LaunchScreen.storyboard in Resources */,
				B435038A1D9A482200806375 /* GoogleService-Info.plist in Resources */,
				B435037F1D9A470100806375 /* Assets.xcassets in Resources */,
				B435037D1D9A470100806375 /* Main.storyboard in Resources */,
			);
			runOnlyForDeploymentPostprocessing = 0;
		};
/* End PBXResourcesBuildPhase section */

/* Begin PBXShellScriptBuildPhase section */
		2800578037A3EE911C8E7C09 /* [CP] Embed Pods Frameworks */ = {
			isa = PBXShellScriptBuildPhase;
			buildActionMask = 2147483647;
			files = (
			);
			inputPaths = (
			);
			name = "[CP] Embed Pods Frameworks";
			outputPaths = (
			);
			runOnlyForDeploymentPostprocessing = 0;
			shellPath = /bin/sh;
			shellScript = "\"${SRCROOT}/Pods/Target Support Files/Pods-itjapan-social/Pods-itjapan-social-frameworks.sh\"\n";
			showEnvVarsInLog = 0;
		};
		3E84B38417B9B049957E0D3C /* [CP] Check Pods Manifest.lock */ = {
			isa = PBXShellScriptBuildPhase;
			buildActionMask = 2147483647;
			files = (
			);
			inputPaths = (
			);
			name = "[CP] Check Pods Manifest.lock";
			outputPaths = (
			);
			runOnlyForDeploymentPostprocessing = 0;
			shellPath = /bin/sh;
			shellScript = "diff \"${PODS_ROOT}/../Podfile.lock\" \"${PODS_ROOT}/Manifest.lock\" > /dev/null\nif [ $? != 0 ] ; then\n    # print error to STDERR\n    echo \"error: The sandbox is not in sync with the Podfile.lock. Run 'pod install' or update your CocoaPods installation.\" >&2\n    exit 1\nfi\n";
			showEnvVarsInLog = 0;
		};
		914C5777B259DDF12C9C3C6B /* [CP] Copy Pods Resources */ = {
			isa = PBXShellScriptBuildPhase;
			buildActionMask = 2147483647;
			files = (
			);
			inputPaths = (
			);
			name = "[CP] Copy Pods Resources";
			outputPaths = (
			);
			runOnlyForDeploymentPostprocessing = 0;
			shellPath = /bin/sh;
			shellScript = "\"${SRCROOT}/Pods/Target Support Files/Pods-itjapan-social/Pods-itjapan-social-resources.sh\"\n";
			showEnvVarsInLog = 0;
		};
/* End PBXShellScriptBuildPhase section */

/* Begin PBXSourcesBuildPhase section */
		B43503701D9A470100806375 /* Sources */ = {
			isa = PBXSourcesBuildPhase;
			buildActionMask = 2147483647;
			files = (
				B435037A1D9A470100806375 /* LoginViewController.swift in Sources */,
				B4D037431D9B423800945A15 /* RoundButton.swift in Sources */,
				B4D037451D9B43C400945A15 /* CustomTextField.swift in Sources */,
				B47B0D561D9BFFC7002231C9 /* DataService.swift in Sources */,
				B47B0D581D9CB575002231C9 /* Post.swift in Sources */,
				B4CCB7511D9B994E00AA100D /* CustomView.swift in Sources */,
				B4D0373E1D9B3FFC00945A15 /* HeaderView.swift in Sources */,
				B4D037471D9B44F400945A15 /* CustomButton.swift in Sources */,
				B4CCB7531D9BA06C00AA100D /* CircleView.swift in Sources */,
				B43503781D9A470100806375 /* AppDelegate.swift in Sources */,
				B4CCB7551D9BA9BA00AA100D /* PostCell.swift in Sources */,
				B4CCB74E1D9B8C2100AA100D /* FeedViewController.swift in Sources */,
				B4D037411D9B407000945A15 /* Constants.swift in Sources */,
			);
			runOnlyForDeploymentPostprocessing = 0;
		};
/* End PBXSourcesBuildPhase section */

/* Begin PBXVariantGroup section */
		B435037B1D9A470100806375 /* Main.storyboard */ = {
			isa = PBXVariantGroup;
			children = (
				B435037C1D9A470100806375 /* Base */,
			);
			name = Main.storyboard;
			sourceTree = "<group>";
		};
		B43503801D9A470100806375 /* LaunchScreen.storyboard */ = {
			isa = PBXVariantGroup;
			children = (
				B43503811D9A470100806375 /* Base */,
			);
			name = LaunchScreen.storyboard;
			sourceTree = "<group>";
		};
/* End PBXVariantGroup section */

/* Begin XCBuildConfiguration section */
		B43503841D9A470100806375 /* Debug */ = {
			isa = XCBuildConfiguration;
			buildSettings = {
				ALWAYS_SEARCH_USER_PATHS = NO;
				CLANG_ANALYZER_NONNULL = YES;
				CLANG_CXX_LANGUAGE_STANDARD = "gnu++0x";
				CLANG_CXX_LIBRARY = "libc++";
				CLANG_ENABLE_MODULES = YES;
				CLANG_ENABLE_OBJC_ARC = YES;
				CLANG_WARN_BOOL_CONVERSION = YES;
				CLANG_WARN_CONSTANT_CONVERSION = YES;
				CLANG_WARN_DIRECT_OBJC_ISA_USAGE = YES_ERROR;
				CLANG_WARN_DOCUMENTATION_COMMENTS = YES;
				CLANG_WARN_EMPTY_BODY = YES;
				CLANG_WARN_ENUM_CONVERSION = YES;
				CLANG_WARN_INFINITE_RECURSION = YES;
				CLANG_WARN_INT_CONVERSION = YES;
				CLANG_WARN_OBJC_ROOT_CLASS = YES_ERROR;
				CLANG_WARN_SUSPICIOUS_MOVES = YES;
				CLANG_WARN_UNREACHABLE_CODE = YES;
				CLANG_WARN__DUPLICATE_METHOD_MATCH = YES;
				"CODE_SIGN_IDENTITY[sdk=iphoneos*]" = "iPhone Developer";
				COPY_PHASE_STRIP = NO;
				DEBUG_INFORMATION_FORMAT = dwarf;
				ENABLE_STRICT_OBJC_MSGSEND = YES;
				ENABLE_TESTABILITY = YES;
				GCC_C_LANGUAGE_STANDARD = gnu99;
				GCC_DYNAMIC_NO_PIC = NO;
				GCC_NO_COMMON_BLOCKS = YES;
				GCC_OPTIMIZATION_LEVEL = 0;
				GCC_PREPROCESSOR_DEFINITIONS = (
					"DEBUG=1",
					"$(inherited)",
				);
				GCC_WARN_64_TO_32_BIT_CONVERSION = YES;
				GCC_WARN_ABOUT_RETURN_TYPE = YES_ERROR;
				GCC_WARN_UNDECLARED_SELECTOR = YES;
				GCC_WARN_UNINITIALIZED_AUTOS = YES_AGGRESSIVE;
				GCC_WARN_UNUSED_FUNCTION = YES;
				GCC_WARN_UNUSED_VARIABLE = YES;
				IPHONEOS_DEPLOYMENT_TARGET = 10.0;
				MTL_ENABLE_DEBUG_INFO = YES;
				ONLY_ACTIVE_ARCH = YES;
				SDKROOT = iphoneos;
				SWIFT_ACTIVE_COMPILATION_CONDITIONS = DEBUG;
				SWIFT_OPTIMIZATION_LEVEL = "-Onone";
				TARGETED_DEVICE_FAMILY = "1,2";
			};
			name = Debug;
		};
		B43503851D9A470100806375 /* Release */ = {
			isa = XCBuildConfiguration;
			buildSettings = {
				ALWAYS_SEARCH_USER_PATHS = NO;
				CLANG_ANALYZER_NONNULL = YES;
				CLANG_CXX_LANGUAGE_STANDARD = "gnu++0x";
				CLANG_CXX_LIBRARY = "libc++";
				CLANG_ENABLE_MODULES = YES;
				CLANG_ENABLE_OBJC_ARC = YES;
				CLANG_WARN_BOOL_CONVERSION = YES;
				CLANG_WARN_CONSTANT_CONVERSION = YES;
				CLANG_WARN_DIRECT_OBJC_ISA_USAGE = YES_ERROR;
				CLANG_WARN_DOCUMENTATION_COMMENTS = YES;
				CLANG_WARN_EMPTY_BODY = YES;
				CLANG_WARN_ENUM_CONVERSION = YES;
				CLANG_WARN_INFINITE_RECURSION = YES;
				CLANG_WARN_INT_CONVERSION = YES;
				CLANG_WARN_OBJC_ROOT_CLASS = YES_ERROR;
				CLANG_WARN_SUSPICIOUS_MOVES = YES;
				CLANG_WARN_UNREACHABLE_CODE = YES;
				CLANG_WARN__DUPLICATE_METHOD_MATCH = YES;
				"CODE_SIGN_IDENTITY[sdk=iphoneos*]" = "iPhone Developer";
				COPY_PHASE_STRIP = NO;
				DEBUG_INFORMATION_FORMAT = "dwarf-with-dsym";
				ENABLE_NS_ASSERTIONS = NO;
				ENABLE_STRICT_OBJC_MSGSEND = YES;
				GCC_C_LANGUAGE_STANDARD = gnu99;
				GCC_NO_COMMON_BLOCKS = YES;
				GCC_WARN_64_TO_32_BIT_CONVERSION = YES;
				GCC_WARN_ABOUT_RETURN_TYPE = YES_ERROR;
				GCC_WARN_UNDECLARED_SELECTOR = YES;
				GCC_WARN_UNINITIALIZED_AUTOS = YES_AGGRESSIVE;
				GCC_WARN_UNUSED_FUNCTION = YES;
				GCC_WARN_UNUSED_VARIABLE = YES;
				IPHONEOS_DEPLOYMENT_TARGET = 10.0;
				MTL_ENABLE_DEBUG_INFO = NO;
				SDKROOT = iphoneos;
				SWIFT_OPTIMIZATION_LEVEL = "-Owholemodule";
				TARGETED_DEVICE_FAMILY = "1,2";
				VALIDATE_PRODUCT = YES;
			};
			name = Release;
		};
		B43503871D9A470100806375 /* Debug */ = {
			isa = XCBuildConfiguration;
			baseConfigurationReference = CEF2ADE6B88F8A53D632EB49 /* Pods-itjapan-social.debug.xcconfig */;
			buildSettings = {
				ASSETCATALOG_COMPILER_APPICON_NAME = AppIcon;
				CODE_SIGN_ENTITLEMENTS = "itjapan-social/itjapan-social.entitlements";
				DEVELOPMENT_TEAM = 8VB699JS95;
				INFOPLIST_FILE = "itjapan-social/Info.plist";
				LD_RUNPATH_SEARCH_PATHS = "$(inherited) @executable_path/Frameworks";
				PRODUCT_BUNDLE_IDENTIFIER = "net.itjapan.itjapan-social";
				PRODUCT_NAME = "$(TARGET_NAME)";
				SWIFT_VERSION = 3.0;
			};
			name = Debug;
		};
		B43503881D9A470100806375 /* Release */ = {
			isa = XCBuildConfiguration;
			baseConfigurationReference = 96654EBE94F2EB5642A8F156 /* Pods-itjapan-social.release.xcconfig */;
			buildSettings = {
				ASSETCATALOG_COMPILER_APPICON_NAME = AppIcon;
				CODE_SIGN_ENTITLEMENTS = "itjapan-social/itjapan-social.entitlements";
				DEVELOPMENT_TEAM = 8VB699JS95;
				INFOPLIST_FILE = "itjapan-social/Info.plist";
				LD_RUNPATH_SEARCH_PATHS = "$(inherited) @executable_path/Frameworks";
				PRODUCT_BUNDLE_IDENTIFIER = "net.itjapan.itjapan-social";
				PRODUCT_NAME = "$(TARGET_NAME)";
				SWIFT_VERSION = 3.0;
			};
			name = Release;
		};
/* End XCBuildConfiguration section */

/* Begin XCConfigurationList section */
		B435036F1D9A470100806375 /* Build configuration list for PBXProject "itjapan-social" */ = {
			isa = XCConfigurationList;
			buildConfigurations = (
				B43503841D9A470100806375 /* Debug */,
				B43503851D9A470100806375 /* Release */,
			);
			defaultConfigurationIsVisible = 0;
			defaultConfigurationName = Release;
		};
		B43503861D9A470100806375 /* Build configuration list for PBXNativeTarget "itjapan-social" */ = {
			isa = XCConfigurationList;
			buildConfigurations = (
				B43503871D9A470100806375 /* Debug */,
				B43503881D9A470100806375 /* Release */,
			);
			defaultConfigurationIsVisible = 0;
			defaultConfigurationName = Release;
		};
/* End XCConfigurationList section */
	};
	rootObject = B435036C1D9A470100806375 /* Project object */;
}
